
Microsoft Visual Studio Solution File, Format Version 12.00
# Visual Studio Version 16
VisualStudioVersion = 16.0.31911.196
MinimumVisualStudioVersion = 10.0.40219.1
Project("{9A19103F-16F7-4668-BE54-9A1E7A4F7556}") = "LEARNING_EXTENTION_METHOD", "LEARNING_EXTENTION_METHOD\LEARNING_EXTENTION_METHOD.csproj", "{FC9BA220-5A9E-4924-8192-0741C389AF7F}"
EndProject
Project("{9A19103F-16F7-4668-BE54-9A1E7A4F7556}") = "OtherClassLibrary", "OtherClassLibrary\OtherClassLibrary.csproj", "{D361CA76-E473-446E-83AC-00883316C289}"
EndProject
Project("{FAE04EC0-301F-11D3-BF4B-00C04F79EFBC}") = "YourClassLibrary", "YourClassLibrary\YourClassLibrary.csproj", "{3F9EF62E-F56D-4499-A48E-4246ADC71AC1}"
EndProject
Global
	GlobalSection(SolutionConfigurationPlatforms) = preSolution
		Debug|Any CPU = Debug|Any CPU
		Release|Any CPU = Release|Any CPU
	EndGlobalSection
	GlobalSection(ProjectConfigurationPlatforms) = postSolution
		{FC9BA220-5A9E-4924-8192-0741C389AF7F}.Debug|Any CPU.ActiveCfg = Debug|Any CPU
		{FC9BA220-5A9E-4924-8192-0741C389AF7F}.Debug|Any CPU.Build.0 = Debug|Any CPU
		{FC9BA220-5A9E-4924-8192-0741C389AF7F}.Release|Any CPU.ActiveCfg = Release|Any CPU
		{FC9BA220-5A9E-4924-8192-0741C389AF7F}.Release|Any CPU.Build.0 = Release|Any CPU
		{D361CA76-E473-446E-83AC-00883316C289}.Debug|Any CPU.ActiveCfg = Debug|Any CPU
		{D361CA76-E473-446E-83AC-00883316C289}.Debug|Any CPU.Build.0 = Debug|Any CPU
		{D361CA76-E473-446E-83AC-00883316C289}.Release|Any CPU.ActiveCfg = Release|Any CPU
		{D361CA76-E473-446E-83AC-00883316C289}.Release|Any CPU.Build.0 = Release|Any CPU
		{3F9EF62E-F56D-4499-A48E-4246ADC71AC1}.Debug|Any CPU.ActiveCfg = Debug|Any CPU
		{3F9EF62E-F56D-4499-A48E-4246ADC71AC1}.Debug|Any CPU.Build.0 = Debug|Any CPU
		{3F9EF62E-F56D-4499-A48E-4246ADC71AC1}.Release|Any CPU.ActiveCfg = Release|Any CPU
		{3F9EF62E-F56D-4499-A48E-4246ADC71AC1}.Release|Any CPU.Build.0 = Release|Any CPU
	EndGlobalSection
	GlobalSection(SolutionProperties) = preSolution
		HideSolutionNode = FALSE
	EndGlobalSection
	GlobalSection(ExtensibilityGlobals) = postSolution
		SolutionGuid = {70452E13-555D-4838-8E32-BCBEC5DFB490}
	EndGlobalSection
EndGlobal
